// !$*UTF8*$!
{
	archiveVersion = 1;
	classes = {
	};
	objectVersion = 51;
	objects = {

/* Begin PBXBuildFile section */
		31387215337196F7661A1465 /* Pods_CakeClubIntegrationTests.framework in Frameworks */ = {isa = PBXBuildFile; fileRef = 4956A85086AA5D8E8C350339 /* Pods_CakeClubIntegrationTests.framework */; };
		56625D2DFBB1F4670A465D23 /* Pods_CakeClubTests.framework in Frameworks */ = {isa = PBXBuildFile; fileRef = 09EE844B0D2589FFEDC8B55D /* Pods_CakeClubTests.framework */; };
		6C6BCA9360F328B69E38D33A /* Pods_CakeClub.framework in Frameworks */ = {isa = PBXBuildFile; fileRef = 653382E05143AB8ED51897D5 /* Pods_CakeClub.framework */; };
		8F30D6852520DD6A00F542A4 /* AppDelegate.swift in Sources */ = {isa = PBXBuildFile; fileRef = 8F30D6842520DD6A00F542A4 /* AppDelegate.swift */; };
		8F30D6872520DD6A00F542A4 /* SceneDelegate.swift in Sources */ = {isa = PBXBuildFile; fileRef = 8F30D6862520DD6A00F542A4 /* SceneDelegate.swift */; };
		8F30D68E2520DD6C00F542A4 /* Assets.xcassets in Resources */ = {isa = PBXBuildFile; fileRef = 8F30D68D2520DD6C00F542A4 /* Assets.xcassets */; };
		8F30D6912520DD6C00F542A4 /* LaunchScreen.storyboard in Resources */ = {isa = PBXBuildFile; fileRef = 8F30D68F2520DD6C00F542A4 /* LaunchScreen.storyboard */; };
		8F30D6A72520E01900F542A4 /* RemoteCakeLoaderTests.swift in Sources */ = {isa = PBXBuildFile; fileRef = 8F30D6A62520E01900F542A4 /* RemoteCakeLoaderTests.swift */; };
		8F30D6A92520E71500F542A4 /* CakeItem.swift in Sources */ = {isa = PBXBuildFile; fileRef = 8F30D6A82520E71500F542A4 /* CakeItem.swift */; };
		8F30D6AC2520EA2900F542A4 /* CakeLoader.swift in Sources */ = {isa = PBXBuildFile; fileRef = 8F30D6AB2520EA2900F542A4 /* CakeLoader.swift */; };
		8F30D6AE2520EA4D00F542A4 /* RemoteCakeLoader.swift in Sources */ = {isa = PBXBuildFile; fileRef = 8F30D6AD2520EA4D00F542A4 /* RemoteCakeLoader.swift */; };
		8F30D6B02520EA7200F542A4 /* HTTPClient.swift in Sources */ = {isa = PBXBuildFile; fileRef = 8F30D6AF2520EA7200F542A4 /* HTTPClient.swift */; };
		8F30D6B22520EB2D00F542A4 /* RemoteCakeImageLoaderTests.swift in Sources */ = {isa = PBXBuildFile; fileRef = 8F30D6B12520EB2D00F542A4 /* RemoteCakeImageLoaderTests.swift */; };
		8F30D6B42520F38000F542A4 /* CakeImageLoader.swift in Sources */ = {isa = PBXBuildFile; fileRef = 8F30D6B32520F38000F542A4 /* CakeImageLoader.swift */; };
		8F30D6B62520F3A200F542A4 /* RemoteCakeImageLoader.swift in Sources */ = {isa = PBXBuildFile; fileRef = 8F30D6B52520F3A200F542A4 /* RemoteCakeImageLoader.swift */; };
		8F30D6B92520F45A00F542A4 /* UIImage+Helpers.swift in Sources */ = {isa = PBXBuildFile; fileRef = 8F30D6B82520F45A00F542A4 /* UIImage+Helpers.swift */; };
		8F30D6C12520F4C900F542A4 /* CakeClubIntegrationTests.swift in Sources */ = {isa = PBXBuildFile; fileRef = 8F30D6C02520F4C900F542A4 /* CakeClubIntegrationTests.swift */; };
		8F30D6C92520F6AC00F542A4 /* Constants.swift in Sources */ = {isa = PBXBuildFile; fileRef = 8F30D6C82520F6AC00F542A4 /* Constants.swift */; };
/* End PBXBuildFile section */

/* Begin PBXContainerItemProxy section */
		8F30D6982520DD6C00F542A4 /* PBXContainerItemProxy */ = {
			isa = PBXContainerItemProxy;
			containerPortal = 8F30D6792520DD6A00F542A4 /* Project object */;
			proxyType = 1;
			remoteGlobalIDString = 8F30D6802520DD6A00F542A4;
			remoteInfo = CakeClub;
		};
		8F30D6C32520F4C900F542A4 /* PBXContainerItemProxy */ = {
			isa = PBXContainerItemProxy;
			containerPortal = 8F30D6792520DD6A00F542A4 /* Project object */;
			proxyType = 1;
			remoteGlobalIDString = 8F30D6802520DD6A00F542A4;
			remoteInfo = CakeClub;
		};
/* End PBXContainerItemProxy section */

/* Begin PBXFileReference section */
		02B7731E16ED41C6C12EFA90 /* Pods-CakeClubTests.debug.xcconfig */ = {isa = PBXFileReference; includeInIndex = 1; lastKnownFileType = text.xcconfig; name = "Pods-CakeClubTests.debug.xcconfig"; path = "Target Support Files/Pods-CakeClubTests/Pods-CakeClubTests.debug.xcconfig"; sourceTree = "<group>"; };
		09EE844B0D2589FFEDC8B55D /* Pods_CakeClubTests.framework */ = {isa = PBXFileReference; explicitFileType = wrapper.framework; includeInIndex = 0; path = Pods_CakeClubTests.framework; sourceTree = BUILT_PRODUCTS_DIR; };
		0D3AFCA96658D2440005F3B4 /* Pods-CakeClub.release.xcconfig */ = {isa = PBXFileReference; includeInIndex = 1; lastKnownFileType = text.xcconfig; name = "Pods-CakeClub.release.xcconfig"; path = "Target Support Files/Pods-CakeClub/Pods-CakeClub.release.xcconfig"; sourceTree = "<group>"; };
		1793B88CD4877A2DB10D97AA /* Pods-CakeClub.debug.xcconfig */ = {isa = PBXFileReference; includeInIndex = 1; lastKnownFileType = text.xcconfig; name = "Pods-CakeClub.debug.xcconfig"; path = "Target Support Files/Pods-CakeClub/Pods-CakeClub.debug.xcconfig"; sourceTree = "<group>"; };
		4956A85086AA5D8E8C350339 /* Pods_CakeClubIntegrationTests.framework */ = {isa = PBXFileReference; explicitFileType = wrapper.framework; includeInIndex = 0; path = Pods_CakeClubIntegrationTests.framework; sourceTree = BUILT_PRODUCTS_DIR; };
		653382E05143AB8ED51897D5 /* Pods_CakeClub.framework */ = {isa = PBXFileReference; explicitFileType = wrapper.framework; includeInIndex = 0; path = Pods_CakeClub.framework; sourceTree = BUILT_PRODUCTS_DIR; };
		87BF9E4B6394556FBFA3CFB5 /* Pods-CakeClubIntegrationTests.debug.xcconfig */ = {isa = PBXFileReference; includeInIndex = 1; lastKnownFileType = text.xcconfig; name = "Pods-CakeClubIntegrationTests.debug.xcconfig"; path = "Target Support Files/Pods-CakeClubIntegrationTests/Pods-CakeClubIntegrationTests.debug.xcconfig"; sourceTree = "<group>"; };
		8F30D6812520DD6A00F542A4 /* CakeClub.app */ = {isa = PBXFileReference; explicitFileType = wrapper.application; includeInIndex = 0; path = CakeClub.app; sourceTree = BUILT_PRODUCTS_DIR; };
		8F30D6842520DD6A00F542A4 /* AppDelegate.swift */ = {isa = PBXFileReference; lastKnownFileType = sourcecode.swift; path = AppDelegate.swift; sourceTree = "<group>"; };
		8F30D6862520DD6A00F542A4 /* SceneDelegate.swift */ = {isa = PBXFileReference; lastKnownFileType = sourcecode.swift; path = SceneDelegate.swift; sourceTree = "<group>"; };
		8F30D68D2520DD6C00F542A4 /* Assets.xcassets */ = {isa = PBXFileReference; lastKnownFileType = folder.assetcatalog; path = Assets.xcassets; sourceTree = "<group>"; };
		8F30D6902520DD6C00F542A4 /* Base */ = {isa = PBXFileReference; lastKnownFileType = file.storyboard; name = Base; path = Base.lproj/LaunchScreen.storyboard; sourceTree = "<group>"; };
		8F30D6922520DD6C00F542A4 /* Info.plist */ = {isa = PBXFileReference; lastKnownFileType = text.plist.xml; path = Info.plist; sourceTree = "<group>"; };
		8F30D6972520DD6C00F542A4 /* CakeClubTests.xctest */ = {isa = PBXFileReference; explicitFileType = wrapper.cfbundle; includeInIndex = 0; path = CakeClubTests.xctest; sourceTree = BUILT_PRODUCTS_DIR; };
		8F30D69D2520DD6C00F542A4 /* Info.plist */ = {isa = PBXFileReference; lastKnownFileType = text.plist.xml; path = Info.plist; sourceTree = "<group>"; };
		8F30D6A62520E01900F542A4 /* RemoteCakeLoaderTests.swift */ = {isa = PBXFileReference; lastKnownFileType = sourcecode.swift; path = RemoteCakeLoaderTests.swift; sourceTree = "<group>"; };
		8F30D6A82520E71500F542A4 /* CakeItem.swift */ = {isa = PBXFileReference; lastKnownFileType = sourcecode.swift; path = CakeItem.swift; sourceTree = "<group>"; };
		8F30D6AB2520EA2900F542A4 /* CakeLoader.swift */ = {isa = PBXFileReference; lastKnownFileType = sourcecode.swift; path = CakeLoader.swift; sourceTree = "<group>"; };
		8F30D6AD2520EA4D00F542A4 /* RemoteCakeLoader.swift */ = {isa = PBXFileReference; lastKnownFileType = sourcecode.swift; path = RemoteCakeLoader.swift; sourceTree = "<group>"; };
		8F30D6AF2520EA7200F542A4 /* HTTPClient.swift */ = {isa = PBXFileReference; lastKnownFileType = sourcecode.swift; path = HTTPClient.swift; sourceTree = "<group>"; };
		8F30D6B12520EB2D00F542A4 /* RemoteCakeImageLoaderTests.swift */ = {isa = PBXFileReference; lastKnownFileType = sourcecode.swift; path = RemoteCakeImageLoaderTests.swift; sourceTree = "<group>"; };
		8F30D6B32520F38000F542A4 /* CakeImageLoader.swift */ = {isa = PBXFileReference; lastKnownFileType = sourcecode.swift; path = CakeImageLoader.swift; sourceTree = "<group>"; };
		8F30D6B52520F3A200F542A4 /* RemoteCakeImageLoader.swift */ = {isa = PBXFileReference; lastKnownFileType = sourcecode.swift; path = RemoteCakeImageLoader.swift; sourceTree = "<group>"; };
		8F30D6B82520F45A00F542A4 /* UIImage+Helpers.swift */ = {isa = PBXFileReference; lastKnownFileType = sourcecode.swift; path = "UIImage+Helpers.swift"; sourceTree = "<group>"; };
		8F30D6BE2520F4C900F542A4 /* CakeClubIntegrationTests.xctest */ = {isa = PBXFileReference; explicitFileType = wrapper.cfbundle; includeInIndex = 0; path = CakeClubIntegrationTests.xctest; sourceTree = BUILT_PRODUCTS_DIR; };
		8F30D6C02520F4C900F542A4 /* CakeClubIntegrationTests.swift */ = {isa = PBXFileReference; lastKnownFileType = sourcecode.swift; path = CakeClubIntegrationTests.swift; sourceTree = "<group>"; };
		8F30D6C22520F4C900F542A4 /* Info.plist */ = {isa = PBXFileReference; lastKnownFileType = text.plist.xml; path = Info.plist; sourceTree = "<group>"; };
		8F30D6C82520F6AC00F542A4 /* Constants.swift */ = {isa = PBXFileReference; lastKnownFileType = sourcecode.swift; path = Constants.swift; sourceTree = "<group>"; };
		ADCBF75706BCA21ADB6DA2AB /* Pods-CakeClubTests.release.xcconfig */ = {isa = PBXFileReference; includeInIndex = 1; lastKnownFileType = text.xcconfig; name = "Pods-CakeClubTests.release.xcconfig"; path = "Target Support Files/Pods-CakeClubTests/Pods-CakeClubTests.release.xcconfig"; sourceTree = "<group>"; };
		DD6491FBDD3DAE66296E6DC8 /* Pods-CakeClubIntegrationTests.release.xcconfig */ = {isa = PBXFileReference; includeInIndex = 1; lastKnownFileType = text.xcconfig; name = "Pods-CakeClubIntegrationTests.release.xcconfig"; path = "Target Support Files/Pods-CakeClubIntegrationTests/Pods-CakeClubIntegrationTests.release.xcconfig"; sourceTree = "<group>"; };
/* End PBXFileReference section */

/* Begin PBXFrameworksBuildPhase section */
		8F30D67E2520DD6A00F542A4 /* Frameworks */ = {
			isa = PBXFrameworksBuildPhase;
			buildActionMask = 2147483647;
			files = (
				6C6BCA9360F328B69E38D33A /* Pods_CakeClub.framework in Frameworks */,
			);
			runOnlyForDeploymentPostprocessing = 0;
		};
		8F30D6942520DD6C00F542A4 /* Frameworks */ = {
			isa = PBXFrameworksBuildPhase;
			buildActionMask = 2147483647;
			files = (
				56625D2DFBB1F4670A465D23 /* Pods_CakeClubTests.framework in Frameworks */,
			);
			runOnlyForDeploymentPostprocessing = 0;
		};
		8F30D6BB2520F4C900F542A4 /* Frameworks */ = {
			isa = PBXFrameworksBuildPhase;
			buildActionMask = 2147483647;
			files = (
				31387215337196F7661A1465 /* Pods_CakeClubIntegrationTests.framework in Frameworks */,
			);
			runOnlyForDeploymentPostprocessing = 0;
		};
/* End PBXFrameworksBuildPhase section */

/* Begin PBXGroup section */
		05F0D0F4AE9D11B2285B3F0F /* Pods */ = {
			isa = PBXGroup;
			children = (
				1793B88CD4877A2DB10D97AA /* Pods-CakeClub.debug.xcconfig */,
				0D3AFCA96658D2440005F3B4 /* Pods-CakeClub.release.xcconfig */,
				87BF9E4B6394556FBFA3CFB5 /* Pods-CakeClubIntegrationTests.debug.xcconfig */,
				DD6491FBDD3DAE66296E6DC8 /* Pods-CakeClubIntegrationTests.release.xcconfig */,
				02B7731E16ED41C6C12EFA90 /* Pods-CakeClubTests.debug.xcconfig */,
				ADCBF75706BCA21ADB6DA2AB /* Pods-CakeClubTests.release.xcconfig */,
			);
			path = Pods;
			sourceTree = "<group>";
		};
		8F30D6782520DD6A00F542A4 = {
			isa = PBXGroup;
			children = (
				8F30D6832520DD6A00F542A4 /* CakeClub */,
				8F30D69A2520DD6C00F542A4 /* CakeClubTests */,
				8F30D6BF2520F4C900F542A4 /* CakeClubIntegrationTests */,
				8F30D6822520DD6A00F542A4 /* Products */,
				05F0D0F4AE9D11B2285B3F0F /* Pods */,
				CB8901B6C0348B68AFF93997 /* Frameworks */,
			);
			sourceTree = "<group>";
		};
		8F30D6822520DD6A00F542A4 /* Products */ = {
			isa = PBXGroup;
			children = (
				8F30D6812520DD6A00F542A4 /* CakeClub.app */,
				8F30D6972520DD6C00F542A4 /* CakeClubTests.xctest */,
				8F30D6BE2520F4C900F542A4 /* CakeClubIntegrationTests.xctest */,
			);
			name = Products;
			sourceTree = "<group>";
		};
		8F30D6832520DD6A00F542A4 /* CakeClub */ = {
			isa = PBXGroup;
			children = (
				8F30D6AA2520EA1100F542A4 /* Network */,
				8F30D6842520DD6A00F542A4 /* AppDelegate.swift */,
				8F30D6862520DD6A00F542A4 /* SceneDelegate.swift */,
				8F30D68D2520DD6C00F542A4 /* Assets.xcassets */,
				8F30D68F2520DD6C00F542A4 /* LaunchScreen.storyboard */,
				8F30D6922520DD6C00F542A4 /* Info.plist */,
				8F30D6A82520E71500F542A4 /* CakeItem.swift */,
				8F30D6C82520F6AC00F542A4 /* Constants.swift */,
			);
			path = CakeClub;
			sourceTree = "<group>";
		};
		8F30D69A2520DD6C00F542A4 /* CakeClubTests */ = {
			isa = PBXGroup;
			children = (
				8F30D6B72520F44400F542A4 /* Helpers */,
				8F30D69D2520DD6C00F542A4 /* Info.plist */,
				8F30D6A62520E01900F542A4 /* RemoteCakeLoaderTests.swift */,
				8F30D6B12520EB2D00F542A4 /* RemoteCakeImageLoaderTests.swift */,
			);
			path = CakeClubTests;
			sourceTree = "<group>";
		};
		8F30D6AA2520EA1100F542A4 /* Network */ = {
			isa = PBXGroup;
			children = (
				8F30D6AB2520EA2900F542A4 /* CakeLoader.swift */,
				8F30D6AD2520EA4D00F542A4 /* RemoteCakeLoader.swift */,
				8F30D6AF2520EA7200F542A4 /* HTTPClient.swift */,
				8F30D6B32520F38000F542A4 /* CakeImageLoader.swift */,
				8F30D6B52520F3A200F542A4 /* RemoteCakeImageLoader.swift */,
			);
			path = Network;
			sourceTree = "<group>";
		};
		8F30D6B72520F44400F542A4 /* Helpers */ = {
			isa = PBXGroup;
			children = (
				8F30D6B82520F45A00F542A4 /* UIImage+Helpers.swift */,
			);
			path = Helpers;
			sourceTree = "<group>";
		};
		8F30D6BF2520F4C900F542A4 /* CakeClubIntegrationTests */ = {
			isa = PBXGroup;
			children = (
				8F30D6C02520F4C900F542A4 /* CakeClubIntegrationTests.swift */,
				8F30D6C22520F4C900F542A4 /* Info.plist */,
			);
			path = CakeClubIntegrationTests;
			sourceTree = "<group>";
		};
		CB8901B6C0348B68AFF93997 /* Frameworks */ = {
			isa = PBXGroup;
			children = (
				653382E05143AB8ED51897D5 /* Pods_CakeClub.framework */,
				4956A85086AA5D8E8C350339 /* Pods_CakeClubIntegrationTests.framework */,
				09EE844B0D2589FFEDC8B55D /* Pods_CakeClubTests.framework */,
			);
			name = Frameworks;
			sourceTree = "<group>";
		};
/* End PBXGroup section */

/* Begin PBXNativeTarget section */
		8F30D6802520DD6A00F542A4 /* CakeClub */ = {
			isa = PBXNativeTarget;
			buildConfigurationList = 8F30D6A02520DD6C00F542A4 /* Build configuration list for PBXNativeTarget "CakeClub" */;
			buildPhases = (
				28FBD3FC50B6DFB3AD0C079D /* [CP] Check Pods Manifest.lock */,
				8F30D67D2520DD6A00F542A4 /* Sources */,
				8F30D67E2520DD6A00F542A4 /* Frameworks */,
				8F30D67F2520DD6A00F542A4 /* Resources */,
				62D0C59FC3CCBD15FCD01EF7 /* [CP] Embed Pods Frameworks */,
			);
			buildRules = (
			);
			dependencies = (
			);
			name = CakeClub;
			productName = CakeClub;
			productReference = 8F30D6812520DD6A00F542A4 /* CakeClub.app */;
			productType = "com.apple.product-type.application";
		};
		8F30D6962520DD6C00F542A4 /* CakeClubTests */ = {
			isa = PBXNativeTarget;
			buildConfigurationList = 8F30D6A32520DD6C00F542A4 /* Build configuration list for PBXNativeTarget "CakeClubTests" */;
			buildPhases = (
				2A3DC81823B80DE7A2EA80D2 /* [CP] Check Pods Manifest.lock */,
				8F30D6932520DD6C00F542A4 /* Sources */,
				8F30D6942520DD6C00F542A4 /* Frameworks */,
				8F30D6952520DD6C00F542A4 /* Resources */,
			);
			buildRules = (
			);
			dependencies = (
				8F30D6992520DD6C00F542A4 /* PBXTargetDependency */,
			);
			name = CakeClubTests;
			productName = CakeClubTests;
			productReference = 8F30D6972520DD6C00F542A4 /* CakeClubTests.xctest */;
			productType = "com.apple.product-type.bundle.unit-test";
		};
		8F30D6BD2520F4C900F542A4 /* CakeClubIntegrationTests */ = {
			isa = PBXNativeTarget;
			buildConfigurationList = 8F30D6C72520F4C900F542A4 /* Build configuration list for PBXNativeTarget "CakeClubIntegrationTests" */;
			buildPhases = (
				0C8EEA0FAA174329A08579CE /* [CP] Check Pods Manifest.lock */,
				8F30D6BA2520F4C900F542A4 /* Sources */,
				8F30D6BB2520F4C900F542A4 /* Frameworks */,
				8F30D6BC2520F4C900F542A4 /* Resources */,
			);
			buildRules = (
			);
			dependencies = (
				8F30D6C42520F4C900F542A4 /* PBXTargetDependency */,
			);
			name = CakeClubIntegrationTests;
			productName = CakeClubIntegrationTests;
			productReference = 8F30D6BE2520F4C900F542A4 /* CakeClubIntegrationTests.xctest */;
			productType = "com.apple.product-type.bundle.unit-test";
		};
/* End PBXNativeTarget section */

/* Begin PBXProject section */
		8F30D6792520DD6A00F542A4 /* Project object */ = {
			isa = PBXProject;
			attributes = {
				LastSwiftUpdateCheck = 1170;
				LastUpgradeCheck = 1170;
				ORGANIZATIONNAME = "Vinicius Leal";
				TargetAttributes = {
					8F30D6802520DD6A00F542A4 = {
						CreatedOnToolsVersion = 11.7;
					};
					8F30D6962520DD6C00F542A4 = {
						CreatedOnToolsVersion = 11.7;
						LastSwiftMigration = 1170;
						TestTargetID = 8F30D6802520DD6A00F542A4;
					};
					8F30D6BD2520F4C900F542A4 = {
						CreatedOnToolsVersion = 11.7;
						TestTargetID = 8F30D6802520DD6A00F542A4;
					};
				};
			};
			buildConfigurationList = 8F30D67C2520DD6A00F542A4 /* Build configuration list for PBXProject "CakeClub" */;
			compatibilityVersion = "Xcode 9.3";
			developmentRegion = en;
			hasScannedForEncodings = 0;
			knownRegions = (
				en,
				Base,
			);
			mainGroup = 8F30D6782520DD6A00F542A4;
			productRefGroup = 8F30D6822520DD6A00F542A4 /* Products */;
			projectDirPath = "";
			projectRoot = "";
			targets = (
				8F30D6802520DD6A00F542A4 /* CakeClub */,
				8F30D6962520DD6C00F542A4 /* CakeClubTests */,
				8F30D6BD2520F4C900F542A4 /* CakeClubIntegrationTests */,
			);
		};
/* End PBXProject section */

/* Begin PBXResourcesBuildPhase section */
		8F30D67F2520DD6A00F542A4 /* Resources */ = {
			isa = PBXResourcesBuildPhase;
			buildActionMask = 2147483647;
			files = (
				8F30D6912520DD6C00F542A4 /* LaunchScreen.storyboard in Resources */,
				8F30D68E2520DD6C00F542A4 /* Assets.xcassets in Resources */,
			);
			runOnlyForDeploymentPostprocessing = 0;
		};
		8F30D6952520DD6C00F542A4 /* Resources */ = {
			isa = PBXResourcesBuildPhase;
			buildActionMask = 2147483647;
			files = (
			);
			runOnlyForDeploymentPostprocessing = 0;
		};
		8F30D6BC2520F4C900F542A4 /* Resources */ = {
			isa = PBXResourcesBuildPhase;
			buildActionMask = 2147483647;
			files = (
			);
			runOnlyForDeploymentPostprocessing = 0;
		};
/* End PBXResourcesBuildPhase section */

/* Begin PBXShellScriptBuildPhase section */
		0C8EEA0FAA174329A08579CE /* [CP] Check Pods Manifest.lock */ = {
			isa = PBXShellScriptBuildPhase;
			buildActionMask = 2147483647;
			files = (
			);
			inputFileListPaths = (
			);
			inputPaths = (
				"${PODS_PODFILE_DIR_PATH}/Podfile.lock",
				"${PODS_ROOT}/Manifest.lock",
			);
			name = "[CP] Check Pods Manifest.lock";
			outputFileListPaths = (
			);
			outputPaths = (
				"$(DERIVED_FILE_DIR)/Pods-CakeClubIntegrationTests-checkManifestLockResult.txt",
			);
			runOnlyForDeploymentPostprocessing = 0;
			shellPath = /bin/sh;
			shellScript = "diff \"${PODS_PODFILE_DIR_PATH}/Podfile.lock\" \"${PODS_ROOT}/Manifest.lock\" > /dev/null\nif [ $? != 0 ] ; then\n    # print error to STDERR\n    echo \"error: The sandbox is not in sync with the Podfile.lock. Run 'pod install' or update your CocoaPods installation.\" >&2\n    exit 1\nfi\n# This output is used by Xcode 'outputs' to avoid re-running this script phase.\necho \"SUCCESS\" > \"${SCRIPT_OUTPUT_FILE_0}\"\n";
			showEnvVarsInLog = 0;
		};
		28FBD3FC50B6DFB3AD0C079D /* [CP] Check Pods Manifest.lock */ = {
			isa = PBXShellScriptBuildPhase;
			buildActionMask = 2147483647;
			files = (
			);
			inputFileListPaths = (
			);
			inputPaths = (
				"${PODS_PODFILE_DIR_PATH}/Podfile.lock",
				"${PODS_ROOT}/Manifest.lock",
			);
			name = "[CP] Check Pods Manifest.lock";
			outputFileListPaths = (
			);
			outputPaths = (
				"$(DERIVED_FILE_DIR)/Pods-CakeClub-checkManifestLockResult.txt",
			);
			runOnlyForDeploymentPostprocessing = 0;
			shellPath = /bin/sh;
			shellScript = "diff \"${PODS_PODFILE_DIR_PATH}/Podfile.lock\" \"${PODS_ROOT}/Manifest.lock\" > /dev/null\nif [ $? != 0 ] ; then\n    # print error to STDERR\n    echo \"error: The sandbox is not in sync with the Podfile.lock. Run 'pod install' or update your CocoaPods installation.\" >&2\n    exit 1\nfi\n# This output is used by Xcode 'outputs' to avoid re-running this script phase.\necho \"SUCCESS\" > \"${SCRIPT_OUTPUT_FILE_0}\"\n";
			showEnvVarsInLog = 0;
		};
		2A3DC81823B80DE7A2EA80D2 /* [CP] Check Pods Manifest.lock */ = {
			isa = PBXShellScriptBuildPhase;
			buildActionMask = 2147483647;
			files = (
			);
			inputFileListPaths = (
			);
			inputPaths = (
				"${PODS_PODFILE_DIR_PATH}/Podfile.lock",
				"${PODS_ROOT}/Manifest.lock",
			);
			name = "[CP] Check Pods Manifest.lock";
			outputFileListPaths = (
			);
			outputPaths = (
				"$(DERIVED_FILE_DIR)/Pods-CakeClubTests-checkManifestLockResult.txt",
			);
			runOnlyForDeploymentPostprocessing = 0;
			shellPath = /bin/sh;
			shellScript = "diff \"${PODS_PODFILE_DIR_PATH}/Podfile.lock\" \"${PODS_ROOT}/Manifest.lock\" > /dev/null\nif [ $? != 0 ] ; then\n    # print error to STDERR\n    echo \"error: The sandbox is not in sync with the Podfile.lock. Run 'pod install' or update your CocoaPods installation.\" >&2\n    exit 1\nfi\n# This output is used by Xcode 'outputs' to avoid re-running this script phase.\necho \"SUCCESS\" > \"${SCRIPT_OUTPUT_FILE_0}\"\n";
			showEnvVarsInLog = 0;
		};
		62D0C59FC3CCBD15FCD01EF7 /* [CP] Embed Pods Frameworks */ = {
			isa = PBXShellScriptBuildPhase;
			buildActionMask = 2147483647;
			files = (
			);
			inputFileListPaths = (
				"${PODS_ROOT}/Target Support Files/Pods-CakeClub/Pods-CakeClub-frameworks-${CONFIGURATION}-input-files.xcfilelist",
			);
			name = "[CP] Embed Pods Frameworks";
			outputFileListPaths = (
				"${PODS_ROOT}/Target Support Files/Pods-CakeClub/Pods-CakeClub-frameworks-${CONFIGURATION}-output-files.xcfilelist",
			);
			runOnlyForDeploymentPostprocessing = 0;
			shellPath = /bin/sh;
			shellScript = "\"${PODS_ROOT}/Target Support Files/Pods-CakeClub/Pods-CakeClub-frameworks.sh\"\n";
			showEnvVarsInLog = 0;
		};
/* End PBXShellScriptBuildPhase section */

/* Begin PBXSourcesBuildPhase section */
		8F30D67D2520DD6A00F542A4 /* Sources */ = {
			isa = PBXSourcesBuildPhase;
			buildActionMask = 2147483647;
			files = (
				8F30D6B62520F3A200F542A4 /* RemoteCakeImageLoader.swift in Sources */,
				8F30D6A92520E71500F542A4 /* CakeItem.swift in Sources */,
				8F30D6852520DD6A00F542A4 /* AppDelegate.swift in Sources */,
				8F30D6B02520EA7200F542A4 /* HTTPClient.swift in Sources */,
				8F30D6AE2520EA4D00F542A4 /* RemoteCakeLoader.swift in Sources */,
				8F30D6AC2520EA2900F542A4 /* CakeLoader.swift in Sources */,
				8F30D6B42520F38000F542A4 /* CakeImageLoader.swift in Sources */,
				8F30D6872520DD6A00F542A4 /* SceneDelegate.swift in Sources */,
				8F30D6C92520F6AC00F542A4 /* Constants.swift in Sources */,
			);
			runOnlyForDeploymentPostprocessing = 0;
		};
		8F30D6932520DD6C00F542A4 /* Sources */ = {
			isa = PBXSourcesBuildPhase;
			buildActionMask = 2147483647;
			files = (
				8F30D6B92520F45A00F542A4 /* UIImage+Helpers.swift in Sources */,
				8F30D6B22520EB2D00F542A4 /* RemoteCakeImageLoaderTests.swift in Sources */,
				8F30D6A72520E01900F542A4 /* RemoteCakeLoaderTests.swift in Sources */,
			);
			runOnlyForDeploymentPostprocessing = 0;
		};
		8F30D6BA2520F4C900F542A4 /* Sources */ = {
			isa = PBXSourcesBuildPhase;
			buildActionMask = 2147483647;
			files = (
				8F30D6C12520F4C900F542A4 /* CakeClubIntegrationTests.swift in Sources */,
			);
			runOnlyForDeploymentPostprocessing = 0;
		};
/* End PBXSourcesBuildPhase section */

/* Begin PBXTargetDependency section */
		8F30D6992520DD6C00F542A4 /* PBXTargetDependency */ = {
			isa = PBXTargetDependency;
			target = 8F30D6802520DD6A00F542A4 /* CakeClub */;
			targetProxy = 8F30D6982520DD6C00F542A4 /* PBXContainerItemProxy */;
		};
		8F30D6C42520F4C900F542A4 /* PBXTargetDependency */ = {
			isa = PBXTargetDependency;
			target = 8F30D6802520DD6A00F542A4 /* CakeClub */;
			targetProxy = 8F30D6C32520F4C900F542A4 /* PBXContainerItemProxy */;
		};
/* End PBXTargetDependency section */

/* Begin PBXVariantGroup section */
		8F30D68F2520DD6C00F542A4 /* LaunchScreen.storyboard */ = {
			isa = PBXVariantGroup;
			children = (
				8F30D6902520DD6C00F542A4 /* Base */,
			);
			name = LaunchScreen.storyboard;
			sourceTree = "<group>";
		};
/* End PBXVariantGroup section */

/* Begin XCBuildConfiguration section */
		8F30D69E2520DD6C00F542A4 /* Debug */ = {
			isa = XCBuildConfiguration;
			buildSettings = {
				ALWAYS_SEARCH_USER_PATHS = NO;
				CLANG_ANALYZER_NONNULL = YES;
				CLANG_ANALYZER_NUMBER_OBJECT_CONVERSION = YES_AGGRESSIVE;
				CLANG_CXX_LANGUAGE_STANDARD = "gnu++14";
				CLANG_CXX_LIBRARY = "libc++";
				CLANG_ENABLE_MODULES = YES;
				CLANG_ENABLE_OBJC_ARC = YES;
				CLANG_ENABLE_OBJC_WEAK = YES;
				CLANG_WARN_BLOCK_CAPTURE_AUTORELEASING = YES;
				CLANG_WARN_BOOL_CONVERSION = YES;
				CLANG_WARN_COMMA = YES;
				CLANG_WARN_CONSTANT_CONVERSION = YES;
				CLANG_WARN_DEPRECATED_OBJC_IMPLEMENTATIONS = YES;
				CLANG_WARN_DIRECT_OBJC_ISA_USAGE = YES_ERROR;
				CLANG_WARN_DOCUMENTATION_COMMENTS = YES;
				CLANG_WARN_EMPTY_BODY = YES;
				CLANG_WARN_ENUM_CONVERSION = YES;
				CLANG_WARN_INFINITE_RECURSION = YES;
				CLANG_WARN_INT_CONVERSION = YES;
				CLANG_WARN_NON_LITERAL_NULL_CONVERSION = YES;
				CLANG_WARN_OBJC_IMPLICIT_RETAIN_SELF = YES;
				CLANG_WARN_OBJC_LITERAL_CONVERSION = YES;
				CLANG_WARN_OBJC_ROOT_CLASS = YES_ERROR;
				CLANG_WARN_RANGE_LOOP_ANALYSIS = YES;
				CLANG_WARN_STRICT_PROTOTYPES = YES;
				CLANG_WARN_SUSPICIOUS_MOVE = YES;
				CLANG_WARN_UNGUARDED_AVAILABILITY = YES_AGGRESSIVE;
				CLANG_WARN_UNREACHABLE_CODE = YES;
				CLANG_WARN__DUPLICATE_METHOD_MATCH = YES;
				COPY_PHASE_STRIP = NO;
				DEBUG_INFORMATION_FORMAT = dwarf;
				ENABLE_STRICT_OBJC_MSGSEND = YES;
				ENABLE_TESTABILITY = YES;
				GCC_C_LANGUAGE_STANDARD = gnu11;
				GCC_DYNAMIC_NO_PIC = NO;
				GCC_NO_COMMON_BLOCKS = YES;
				GCC_OPTIMIZATION_LEVEL = 0;
				GCC_PREPROCESSOR_DEFINITIONS = (
					"DEBUG=1",
					"$(inherited)",
				);
				GCC_WARN_64_TO_32_BIT_CONVERSION = YES;
				GCC_WARN_ABOUT_RETURN_TYPE = YES_ERROR;
				GCC_WARN_UNDECLARED_SELECTOR = YES;
				GCC_WARN_UNINITIALIZED_AUTOS = YES_AGGRESSIVE;
				GCC_WARN_UNUSED_FUNCTION = YES;
				GCC_WARN_UNUSED_VARIABLE = YES;
				IPHONEOS_DEPLOYMENT_TARGET = 13.0;
				MTL_ENABLE_DEBUG_INFO = INCLUDE_SOURCE;
				MTL_FAST_MATH = YES;
				ONLY_ACTIVE_ARCH = YES;
				SDKROOT = iphoneos;
				SWIFT_ACTIVE_COMPILATION_CONDITIONS = DEBUG;
				SWIFT_OPTIMIZATION_LEVEL = "-Onone";
			};
			name = Debug;
		};
		8F30D69F2520DD6C00F542A4 /* Release */ = {
			isa = XCBuildConfiguration;
			buildSettings = {
				ALWAYS_SEARCH_USER_PATHS = NO;
				CLANG_ANALYZER_NONNULL = YES;
				CLANG_ANALYZER_NUMBER_OBJECT_CONVERSION = YES_AGGRESSIVE;
				CLANG_CXX_LANGUAGE_STANDARD = "gnu++14";
				CLANG_CXX_LIBRARY = "libc++";
				CLANG_ENABLE_MODULES = YES;
				CLANG_ENABLE_OBJC_ARC = YES;
				CLANG_ENABLE_OBJC_WEAK = YES;
				CLANG_WARN_BLOCK_CAPTURE_AUTORELEASING = YES;
				CLANG_WARN_BOOL_CONVERSION = YES;
				CLANG_WARN_COMMA = YES;
				CLANG_WARN_CONSTANT_CONVERSION = YES;
				CLANG_WARN_DEPRECATED_OBJC_IMPLEMENTATIONS = YES;
				CLANG_WARN_DIRECT_OBJC_ISA_USAGE = YES_ERROR;
				CLANG_WARN_DOCUMENTATION_COMMENTS = YES;
				CLANG_WARN_EMPTY_BODY = YES;
				CLANG_WARN_ENUM_CONVERSION = YES;
				CLANG_WARN_INFINITE_RECURSION = YES;
				CLANG_WARN_INT_CONVERSION = YES;
				CLANG_WARN_NON_LITERAL_NULL_CONVERSION = YES;
				CLANG_WARN_OBJC_IMPLICIT_RETAIN_SELF = YES;
				CLANG_WARN_OBJC_LITERAL_CONVERSION = YES;
				CLANG_WARN_OBJC_ROOT_CLASS = YES_ERROR;
				CLANG_WARN_RANGE_LOOP_ANALYSIS = YES;
				CLANG_WARN_STRICT_PROTOTYPES = YES;
				CLANG_WARN_SUSPICIOUS_MOVE = YES;
				CLANG_WARN_UNGUARDED_AVAILABILITY = YES_AGGRESSIVE;
				CLANG_WARN_UNREACHABLE_CODE = YES;
				CLANG_WARN__DUPLICATE_METHOD_MATCH = YES;
				COPY_PHASE_STRIP = NO;
				DEBUG_INFORMATION_FORMAT = "dwarf-with-dsym";
				ENABLE_NS_ASSERTIONS = NO;
				ENABLE_STRICT_OBJC_MSGSEND = YES;
				GCC_C_LANGUAGE_STANDARD = gnu11;
				GCC_NO_COMMON_BLOCKS = YES;
				GCC_WARN_64_TO_32_BIT_CONVERSION = YES;
				GCC_WARN_ABOUT_RETURN_TYPE = YES_ERROR;
				GCC_WARN_UNDECLARED_SELECTOR = YES;
				GCC_WARN_UNINITIALIZED_AUTOS = YES_AGGRESSIVE;
				GCC_WARN_UNUSED_FUNCTION = YES;
				GCC_WARN_UNUSED_VARIABLE = YES;
				IPHONEOS_DEPLOYMENT_TARGET = 13.0;
				MTL_ENABLE_DEBUG_INFO = NO;
				MTL_FAST_MATH = YES;
				SDKROOT = iphoneos;
				SWIFT_COMPILATION_MODE = wholemodule;
				SWIFT_OPTIMIZATION_LEVEL = "-O";
				VALIDATE_PRODUCT = YES;
			};
			name = Release;
		};
		8F30D6A12520DD6C00F542A4 /* Debug */ = {
			isa = XCBuildConfiguration;
			baseConfigurationReference = 1793B88CD4877A2DB10D97AA /* Pods-CakeClub.debug.xcconfig */;
			buildSettings = {
				ASSETCATALOG_COMPILER_APPICON_NAME = AppIcon;
				CODE_SIGN_STYLE = Automatic;
				DEVELOPMENT_TEAM = 88GXY442T6;
				INFOPLIST_FILE = CakeClub/Info.plist;
				LD_RUNPATH_SEARCH_PATHS = (
					"$(inherited)",
					"@executable_path/Frameworks",
				);
				PRODUCT_BUNDLE_IDENTIFIER = leal.CakeClub;
				PRODUCT_NAME = "$(TARGET_NAME)";
				SWIFT_VERSION = 5.0;
				TARGETED_DEVICE_FAMILY = 1;
			};
			name = Debug;
		};
		8F30D6A22520DD6C00F542A4 /* Release */ = {
			isa = XCBuildConfiguration;
			baseConfigurationReference = 0D3AFCA96658D2440005F3B4 /* Pods-CakeClub.release.xcconfig */;
			buildSettings = {
				ASSETCATALOG_COMPILER_APPICON_NAME = AppIcon;
				CODE_SIGN_STYLE = Automatic;
				DEVELOPMENT_TEAM = 88GXY442T6;
				INFOPLIST_FILE = CakeClub/Info.plist;
				LD_RUNPATH_SEARCH_PATHS = (
					"$(inherited)",
					"@executable_path/Frameworks",
				);
				PRODUCT_BUNDLE_IDENTIFIER = leal.CakeClub;
				PRODUCT_NAME = "$(TARGET_NAME)";
				SWIFT_VERSION = 5.0;
				TARGETED_DEVICE_FAMILY = 1;
			};
			name = Release;
		};
		8F30D6A42520DD6C00F542A4 /* Debug */ = {
			isa = XCBuildConfiguration;
			baseConfigurationReference = 02B7731E16ED41C6C12EFA90 /* Pods-CakeClubTests.debug.xcconfig */;
			buildSettings = {
				ALWAYS_EMBED_SWIFT_STANDARD_LIBRARIES = YES;
				BUNDLE_LOADER = "$(TEST_HOST)";
				CLANG_ENABLE_MODULES = YES;
				CODE_SIGN_STYLE = Automatic;
				DEVELOPMENT_TEAM = 88GXY442T6;
				INFOPLIST_FILE = CakeClubTests/Info.plist;
				IPHONEOS_DEPLOYMENT_TARGET = 13.7;
				LD_RUNPATH_SEARCH_PATHS = (
					"$(inherited)",
					"@executable_path/Frameworks",
					"@loader_path/Frameworks",
				);
				PRODUCT_BUNDLE_IDENTIFIER = leal.CakeClubTests;
				PRODUCT_NAME = "$(TARGET_NAME)";
				SWIFT_OPTIMIZATION_LEVEL = "-Onone";
				SWIFT_VERSION = 5.0;
				TARGETED_DEVICE_FAMILY = "1,2";
				TEST_HOST = "$(BUILT_PRODUCTS_DIR)/CakeClub.app/CakeClub";
			};
			name = Debug;
		};
		8F30D6A52520DD6C00F542A4 /* Release */ = {
			isa = XCBuildConfiguration;
			baseConfigurationReference = ADCBF75706BCA21ADB6DA2AB /* Pods-CakeClubTests.release.xcconfig */;
			buildSettings = {
				ALWAYS_EMBED_SWIFT_STANDARD_LIBRARIES = YES;
				BUNDLE_LOADER = "$(TEST_HOST)";
				CLANG_ENABLE_MODULES = YES;
				CODE_SIGN_STYLE = Automatic;
				DEVELOPMENT_TEAM = 88GXY442T6;
				INFOPLIST_FILE = CakeClubTests/Info.plist;
				IPHONEOS_DEPLOYMENT_TARGET = 13.7;
				LD_RUNPATH_SEARCH_PATHS = (
					"$(inherited)",
					"@executable_path/Frameworks",
					"@loader_path/Frameworks",
				);
				PRODUCT_BUNDLE_IDENTIFIER = leal.CakeClubTests;
				PRODUCT_NAME = "$(TARGET_NAME)";
				SWIFT_VERSION = 5.0;
				TARGETED_DEVICE_FAMILY = "1,2";
				TEST_HOST = "$(BUILT_PRODUCTS_DIR)/CakeClub.app/CakeClub";
			};
			name = Release;
		};
		8F30D6C52520F4C900F542A4 /* Debug */ = {
			isa = XCBuildConfiguration;
			baseConfigurationReference = 87BF9E4B6394556FBFA3CFB5 /* Pods-CakeClubIntegrationTests.debug.xcconfig */;
			buildSettings = {
				BUNDLE_LOADER = "$(TEST_HOST)";
				CODE_SIGN_STYLE = Automatic;
				DEVELOPMENT_TEAM = 88GXY442T6;
				INFOPLIST_FILE = CakeClubIntegrationTests/Info.plist;
				IPHONEOS_DEPLOYMENT_TARGET = 13.7;
				LD_RUNPATH_SEARCH_PATHS = (
					"$(inherited)",
					"@executable_path/Frameworks",
					"@loader_path/Frameworks",
				);
				PRODUCT_BUNDLE_IDENTIFIER = leal.CakeClubIntegrationTests;
				PRODUCT_NAME = "$(TARGET_NAME)";
				SWIFT_VERSION = 5.0;
				TARGETED_DEVICE_FAMILY = "1,2";
				TEST_HOST = "$(BUILT_PRODUCTS_DIR)/CakeClub.app/CakeClub";
			};
			name = Debug;
		};
		8F30D6C62520F4C900F542A4 /* Release */ = {
			isa = XCBuildConfiguration;
			baseConfigurationReference = DD6491FBDD3DAE66296E6DC8 /* Pods-CakeClubIntegrationTests.release.xcconfig */;
			buildSettings = {
				BUNDLE_LOADER = "$(TEST_HOST)";
				CODE_SIGN_STYLE = Automatic;
				DEVELOPMENT_TEAM = 88GXY442T6;
				INFOPLIST_FILE = CakeClubIntegrationTests/Info.plist;
				IPHONEOS_DEPLOYMENT_TARGET = 13.7;
				LD_RUNPATH_SEARCH_PATHS = (
					"$(inherited)",
					"@executable_path/Frameworks",
					"@loader_path/Frameworks",
				);
				PRODUCT_BUNDLE_IDENTIFIER = leal.CakeClubIntegrationTests;
				PRODUCT_NAME = "$(TARGET_NAME)";
				SWIFT_VERSION = 5.0;
				TARGETED_DEVICE_FAMILY = "1,2";
				TEST_HOST = "$(BUILT_PRODUCTS_DIR)/CakeClub.app/CakeClub";
			};
			name = Release;
		};
/* End XCBuildConfiguration section */

/* Begin XCConfigurationList section */
		8F30D67C2520DD6A00F542A4 /* Build configuration list for PBXProject "CakeClub" */ = {
			isa = XCConfigurationList;
			buildConfigurations = (
				8F30D69E2520DD6C00F542A4 /* Debug */,
				8F30D69F2520DD6C00F542A4 /* Release */,
			);
			defaultConfigurationIsVisible = 0;
			defaultConfigurationName = Release;
		};
		8F30D6A02520DD6C00F542A4 /* Build configuration list for PBXNativeTarget "CakeClub" */ = {
			isa = XCConfigurationList;
			buildConfigurations = (
				8F30D6A12520DD6C00F542A4 /* Debug */,
				8F30D6A22520DD6C00F542A4 /* Release */,
			);
			defaultConfigurationIsVisible = 0;
			defaultConfigurationName = Release;
		};
		8F30D6A32520DD6C00F542A4 /* Build configuration list for PBXNativeTarget "CakeClubTests" */ = {
			isa = XCConfigurationList;
			buildConfigurations = (
				8F30D6A42520DD6C00F542A4 /* Debug */,
				8F30D6A52520DD6C00F542A4 /* Release */,
			);
			defaultConfigurationIsVisible = 0;
			defaultConfigurationName = Release;
		};
		8F30D6C72520F4C900F542A4 /* Build configuration list for PBXNativeTarget "CakeClubIntegrationTests" */ = {
			isa = XCConfigurationList;
			buildConfigurations = (
				8F30D6C52520F4C900F542A4 /* Debug */,
				8F30D6C62520F4C900F542A4 /* Release */,
			);
			defaultConfigurationIsVisible = 0;
			defaultConfigurationName = Release;
		};
/* End XCConfigurationList section */
	};
	rootObject = 8F30D6792520DD6A00F542A4 /* Project object */;
}
